# This file is autogenerated, do not edit; changes may be undone by the next 'dep ensure'.


[[projects]]
  name = "github.com/NYTimes/gziphandler"
  packages = ["."]
  revision = "2600fb119af974220d3916a5916d6e31176aac1b"
  version = "v1.0.1"

[[projects]]
  name = "github.com/coreos/bbolt"
  packages = ["."]
  revision = "583e8937c61f1af6513608ccc75c97b6abdf4ff9"
  version = "v1.3.0"

[[projects]]
  name = "github.com/go-humble/locstor"
  packages = ["."]
  revision = "d8d9ce95b96d05685f73f4dfe8fe7d1edfabf18a"
  version = "v0.2.2"

[[projects]]
  name = "github.com/google/uuid"
  packages = ["."]
  revision = "064e2069ce9c359c118179501254f67d7d37ba24"
  version = "0.2"

[[projects]]
  branch = "master"
  name = "golang.org/x/sys"
  packages = ["unix"]
  revision = "7dca6fe1f43775aa6d1334576870ff63f978f539"

[[projects]]
  branch = "master"
  name = "honnef.co/go/js/dom"
  packages = ["."]
  revision = "6a8015da13438f4de2c715e781271ab856b4b24c"

[solve-meta]
  analyzer-name = "dep"
  analyzer-version = 1
  inputs-digest = "7bc4d0e82a41890910f9a45bc8f67c02f4c5395b21e56664283d19665bcf8c4c"
  solver-name = "gps-cdcl"
  solver-version = 1
