# This file is autogenerated, do not edit; changes may be undone by the next 'dep ensure'.


[[projects]]
  name = "github.com/coreos/bbolt"
  packages = ["."]
  revision = "583e8937c61f1af6513608ccc75c97b6abdf4ff9"
  version = "v1.3.0"

[[projects]]
  name = "github.com/go-humble/locstor"
  packages = ["."]
  revision = "d8d9ce95b96d05685f73f4dfe8fe7d1edfabf18a"
  version = "v0.2.2"

[[projects]]
  name = "github.com/google/uuid"
  packages = ["."]
  revision = "064e2069ce9c359c118179501254f67d7d37ba24"
  version = "0.2"

[[projects]]
  branch = "master"
  name = "github.com/gopherjs/websocket"
  packages = ["websocketjs"]
  revision = "87ee47603f137e7f8419765b3621b3c36e715a08"

[[projects]]
  name = "github.com/gorilla/context"
  packages = ["."]
  revision = "1ea25387ff6f684839d82767c1733ff4d4d15d0a"
  version = "v1.1"

[[projects]]
  name = "github.com/gorilla/mux"
  packages = ["."]
  revision = "53c1911da2b537f792e7cafcb446b05ffe33b996"
  version = "v1.6.1"

[[projects]]
  name = "github.com/gorilla/websocket"
  packages = ["."]
  revision = "ea4d1f681babbce9545c9c5f3d5194a789c89f5b"
  version = "v1.2.0"

[[projects]]
  branch = "master"
  name = "golang.org/x/sys"
  packages = ["unix"]
  revision = "7dca6fe1f43775aa6d1334576870ff63f978f539"

[[projects]]
  branch = "master"
  name = "honnef.co/go/js/dom"
  packages = ["."]
  revision = "6a8015da13438f4de2c715e781271ab856b4b24c"

[solve-meta]
  analyzer-name = "dep"
  analyzer-version = 1
  inputs-digest = "f27b1b885cc67a5d3ca8f911d1fc50d170ce72735a7e63ba4fee12f5b0d622a0"
  solver-name = "gps-cdcl"
  solver-version = 1
