# This file is autogenerated, do not edit; changes may be undone by the next 'dep ensure'.


[[projects]]
  name = "github.com/NYTimes/gziphandler"
  packages = ["."]
  revision = "2600fb119af974220d3916a5916d6e31176aac1b"
  version = "v1.0.1"

[[projects]]
  name = "github.com/go-humble/locstor"
  packages = ["."]
  revision = "d8d9ce95b96d05685f73f4dfe8fe7d1edfabf18a"
  version = "v0.2.2"

[[projects]]
  name = "github.com/google/uuid"
  packages = ["."]
  revision = "064e2069ce9c359c118179501254f67d7d37ba24"
  version = "0.2"

[[projects]]
  branch = "master"
  name = "honnef.co/go/js/dom"
  packages = ["."]
  revision = "6a8015da13438f4de2c715e781271ab856b4b24c"

[solve-meta]
  analyzer-name = "dep"
  analyzer-version = 1
  inputs-digest = "02a1bd0ec9c42848a4b81aac043808d46382d1d7e2a876507d7446e97a1e4ae4"
  solver-name = "gps-cdcl"
  solver-version = 1
